
Microsoft Visual Studio Solution File, Format Version 12.00
# Visual Studio Version 16
VisualStudioVersion = 16.0.31205.134
MinimumVisualStudioVersion = 10.0.40219.1
Project("{FAE04EC0-301F-11D3-BF4B-00C04F79EFBC}") = "FEWindowSelectionMouseSample", "FEWindowSelectionMouseSample\FEWindowSelectionMouseSample.csproj", "{E1F775B6-6D16-4119-85C5-CA8976801788}"
	ProjectSection(ProjectDependencies) = postProject
		{E7AAEBF9-9C09-4BAE-8F85-8ED5A39013BC} = {E7AAEBF9-9C09-4BAE-8F85-8ED5A39013BC}
	EndProjectSection
EndProject
Project("{9A19103F-16F7-4668-BE54-9A1E7A4F7556}") = "FEWindowSelectionMouse", "..\FEWindowSelectionMouse\FEWindowSelectionMouse\FEWindowSelectionMouse.csproj", "{E7AAEBF9-9C09-4BAE-8F85-8ED5A39013BC}"
EndProject
Global
	GlobalSection(SolutionConfigurationPlatforms) = preSolution
		Debug|Any CPU = Debug|Any CPU
		Release|Any CPU = Release|Any CPU
	EndGlobalSection
	GlobalSection(ProjectConfigurationPlatforms) = postSolution
		{E1F775B6-6D16-4119-85C5-CA8976801788}.Debug|Any CPU.ActiveCfg = Debug|Any CPU
		{E1F775B6-6D16-4119-85C5-CA8976801788}.Debug|Any CPU.Build.0 = Debug|Any CPU
		{E1F775B6-6D16-4119-85C5-CA8976801788}.Release|Any CPU.ActiveCfg = Release|Any CPU
		{E1F775B6-6D16-4119-85C5-CA8976801788}.Release|Any CPU.Build.0 = Release|Any CPU
		{E7AAEBF9-9C09-4BAE-8F85-8ED5A39013BC}.Debug|Any CPU.ActiveCfg = Debug|Any CPU
		{E7AAEBF9-9C09-4BAE-8F85-8ED5A39013BC}.Debug|Any CPU.Build.0 = Debug|Any CPU
		{E7AAEBF9-9C09-4BAE-8F85-8ED5A39013BC}.Release|Any CPU.ActiveCfg = Release|Any CPU
		{E7AAEBF9-9C09-4BAE-8F85-8ED5A39013BC}.Release|Any CPU.Build.0 = Release|Any CPU
	EndGlobalSection
	GlobalSection(SolutionProperties) = preSolution
		HideSolutionNode = FALSE
	EndGlobalSection
	GlobalSection(ExtensibilityGlobals) = postSolution
		SolutionGuid = {318C608D-916E-4635-98E5-732865B3D1E9}
	EndGlobalSection
EndGlobal
